// !$*UTF8*$!
{
	archiveVersion = 1;
	classes = {
	};
	objectVersion = 56;
	objects = {

/* Begin PBXBuildFile section */
		3A9DA07D29A53B4D0043549E /* GoogleService-Info.plist in Resources */ = {isa = PBXBuildFile; fileRef = 3A9DA07C29A53B4D0043549E /* GoogleService-Info.plist */; };
		3A9DA08029A53BF30043549E /* FirebaseAnalytics in Frameworks */ = {isa = PBXBuildFile; productRef = 3A9DA07F29A53BF30043549E /* FirebaseAnalytics */; };
		3A9DA08229A53BF30043549E /* FirebaseAuth in Frameworks */ = {isa = PBXBuildFile; productRef = 3A9DA08129A53BF30043549E /* FirebaseAuth */; };
		3A9DA08429A53BF30043549E /* FirebaseDatabase in Frameworks */ = {isa = PBXBuildFile; productRef = 3A9DA08329A53BF30043549E /* FirebaseDatabase */; };
		3A9DA08629A53BF30043549E /* FirebaseDatabaseSwift in Frameworks */ = {isa = PBXBuildFile; productRef = 3A9DA08529A53BF30043549E /* FirebaseDatabaseSwift */; };
		3A9DA08829A53BF30043549E /* FirebaseFirestore in Frameworks */ = {isa = PBXBuildFile; productRef = 3A9DA08729A53BF30043549E /* FirebaseFirestore */; };
		3AA2E10929A7678300ACCB5B /* Verification.swift in Sources */ = {isa = PBXBuildFile; fileRef = 3AA2E10829A7678300ACCB5B /* Verification.swift */; };
		3AA2E10D29A768D800ACCB5B /* OTPViewModel.swift in Sources */ = {isa = PBXBuildFile; fileRef = 3AA2E10C29A768D800ACCB5B /* OTPViewModel.swift */; };
		3AA2E10F29A76AB200ACCB5B /* OTPFieldState.swift in Sources */ = {isa = PBXBuildFile; fileRef = 3AA2E10E29A76AB200ACCB5B /* OTPFieldState.swift */; };
		3AA2E11129A76DE600ACCB5B /* OTPField.swift in Sources */ = {isa = PBXBuildFile; fileRef = 3AA2E11029A76DE600ACCB5B /* OTPField.swift */; };
		3ADFFDD029A4CA3D00E66EF4 /* FirebaseTestApp.swift in Sources */ = {isa = PBXBuildFile; fileRef = 3ADFFDCF29A4CA3D00E66EF4 /* FirebaseTestApp.swift */; };
		3ADFFDD229A4CA3D00E66EF4 /* ContentView.swift in Sources */ = {isa = PBXBuildFile; fileRef = 3ADFFDD129A4CA3D00E66EF4 /* ContentView.swift */; };
		3ADFFDD429A4CA3E00E66EF4 /* Assets.xcassets in Resources */ = {isa = PBXBuildFile; fileRef = 3ADFFDD329A4CA3E00E66EF4 /* Assets.xcassets */; };
		3ADFFDD729A4CA3E00E66EF4 /* Preview Assets.xcassets in Resources */ = {isa = PBXBuildFile; fileRef = 3ADFFDD629A4CA3E00E66EF4 /* Preview Assets.xcassets */; };
/* End PBXBuildFile section */

/* Begin PBXFileReference section */
		3A9DA07C29A53B4D0043549E /* GoogleService-Info.plist */ = {isa = PBXFileReference; fileEncoding = 4; lastKnownFileType = text.plist.xml; path = "GoogleService-Info.plist"; sourceTree = "<group>"; };
		3A9DA08929A53D5E0043549E /* Info.plist */ = {isa = PBXFileReference; lastKnownFileType = text.plist; path = Info.plist; sourceTree = "<group>"; };
		3AA2E10829A7678300ACCB5B /* Verification.swift */ = {isa = PBXFileReference; lastKnownFileType = sourcecode.swift; path = Verification.swift; sourceTree = "<group>"; };
		3AA2E10C29A768D800ACCB5B /* OTPViewModel.swift */ = {isa = PBXFileReference; lastKnownFileType = sourcecode.swift; path = OTPViewModel.swift; sourceTree = "<group>"; };
		3AA2E10E29A76AB200ACCB5B /* OTPFieldState.swift */ = {isa = PBXFileReference; lastKnownFileType = sourcecode.swift; path = OTPFieldState.swift; sourceTree = "<group>"; };
		3AA2E11029A76DE600ACCB5B /* OTPField.swift */ = {isa = PBXFileReference; lastKnownFileType = sourcecode.swift; path = OTPField.swift; sourceTree = "<group>"; };
		3ADFFDCC29A4CA3D00E66EF4 /* FirebaseTest.app */ = {isa = PBXFileReference; explicitFileType = wrapper.application; includeInIndex = 0; path = FirebaseTest.app; sourceTree = BUILT_PRODUCTS_DIR; };
		3ADFFDCF29A4CA3D00E66EF4 /* FirebaseTestApp.swift */ = {isa = PBXFileReference; lastKnownFileType = sourcecode.swift; path = FirebaseTestApp.swift; sourceTree = "<group>"; };
		3ADFFDD129A4CA3D00E66EF4 /* ContentView.swift */ = {isa = PBXFileReference; lastKnownFileType = sourcecode.swift; path = ContentView.swift; sourceTree = "<group>"; };
		3ADFFDD329A4CA3E00E66EF4 /* Assets.xcassets */ = {isa = PBXFileReference; lastKnownFileType = folder.assetcatalog; path = Assets.xcassets; sourceTree = "<group>"; };
		3ADFFDD629A4CA3E00E66EF4 /* Preview Assets.xcassets */ = {isa = PBXFileReference; lastKnownFileType = folder.assetcatalog; path = "Preview Assets.xcassets"; sourceTree = "<group>"; };
/* End PBXFileReference section */

/* Begin PBXFrameworksBuildPhase section */
		3ADFFDC929A4CA3D00E66EF4 /* Frameworks */ = {
			isa = PBXFrameworksBuildPhase;
			buildActionMask = 2147483647;
			files = (
				3A9DA08629A53BF30043549E /* FirebaseDatabaseSwift in Frameworks */,
				3A9DA08429A53BF30043549E /* FirebaseDatabase in Frameworks */,
				3A9DA08029A53BF30043549E /* FirebaseAnalytics in Frameworks */,
				3A9DA08829A53BF30043549E /* FirebaseFirestore in Frameworks */,
				3A9DA08229A53BF30043549E /* FirebaseAuth in Frameworks */,
			);
			runOnlyForDeploymentPostprocessing = 0;
		};
/* End PBXFrameworksBuildPhase section */

/* Begin PBXGroup section */
		3ADFFDC329A4CA3D00E66EF4 = {
			isa = PBXGroup;
			children = (
				3ADFFDCE29A4CA3D00E66EF4 /* FirebaseTest */,
				3ADFFDCD29A4CA3D00E66EF4 /* Products */,
			);
			sourceTree = "<group>";
		};
		3ADFFDCD29A4CA3D00E66EF4 /* Products */ = {
			isa = PBXGroup;
			children = (
				3ADFFDCC29A4CA3D00E66EF4 /* FirebaseTest.app */,
			);
			name = Products;
			sourceTree = "<group>";
		};
		3ADFFDCE29A4CA3D00E66EF4 /* FirebaseTest */ = {
			isa = PBXGroup;
			children = (
				3A9DA08929A53D5E0043549E /* Info.plist */,
				3ADFFDCF29A4CA3D00E66EF4 /* FirebaseTestApp.swift */,
				3ADFFDD129A4CA3D00E66EF4 /* ContentView.swift */,
				3AA2E10C29A768D800ACCB5B /* OTPViewModel.swift */,
				3AA2E10829A7678300ACCB5B /* Verification.swift */,
				3AA2E11029A76DE600ACCB5B /* OTPField.swift */,
				3AA2E10E29A76AB200ACCB5B /* OTPFieldState.swift */,
				3ADFFDD329A4CA3E00E66EF4 /* Assets.xcassets */,
				3A9DA07C29A53B4D0043549E /* GoogleService-Info.plist */,
				3ADFFDD529A4CA3E00E66EF4 /* Preview Content */,
			);
			path = FirebaseTest;
			sourceTree = "<group>";
		};
		3ADFFDD529A4CA3E00E66EF4 /* Preview Content */ = {
			isa = PBXGroup;
			children = (
				3ADFFDD629A4CA3E00E66EF4 /* Preview Assets.xcassets */,
			);
			path = "Preview Content";
			sourceTree = "<group>";
		};
/* End PBXGroup section */

/* Begin PBXNativeTarget section */
		3ADFFDCB29A4CA3D00E66EF4 /* FirebaseTest */ = {
			isa = PBXNativeTarget;
			buildConfigurationList = 3ADFFDDA29A4CA3E00E66EF4 /* Build configuration list for PBXNativeTarget "FirebaseTest" */;
			buildPhases = (
				3ADFFDC829A4CA3D00E66EF4 /* Sources */,
				3ADFFDC929A4CA3D00E66EF4 /* Frameworks */,
				3ADFFDCA29A4CA3D00E66EF4 /* Resources */,
			);
			buildRules = (
			);
			dependencies = (
			);
			name = FirebaseTest;
			packageProductDependencies = (
				3A9DA07F29A53BF30043549E /* FirebaseAnalytics */,
				3A9DA08129A53BF30043549E /* FirebaseAuth */,
				3A9DA08329A53BF30043549E /* FirebaseDatabase */,
				3A9DA08529A53BF30043549E /* FirebaseDatabaseSwift */,
				3A9DA08729A53BF30043549E /* FirebaseFirestore */,
			);
			productName = FirebaseTest;
			productReference = 3ADFFDCC29A4CA3D00E66EF4 /* FirebaseTest.app */;
			productType = "com.apple.product-type.application";
		};
/* End PBXNativeTarget section */

/* Begin PBXProject section */
		3ADFFDC429A4CA3D00E66EF4 /* Project object */ = {
			isa = PBXProject;
			attributes = {
				BuildIndependentTargetsInParallel = 1;
				LastSwiftUpdateCheck = 1420;
				LastUpgradeCheck = 1420;
				TargetAttributes = {
					3ADFFDCB29A4CA3D00E66EF4 = {
						CreatedOnToolsVersion = 14.2;
					};
				};
			};
			buildConfigurationList = 3ADFFDC729A4CA3D00E66EF4 /* Build configuration list for PBXProject "FirebaseTest" */;
			compatibilityVersion = "Xcode 14.0";
			developmentRegion = en;
			hasScannedForEncodings = 0;
			knownRegions = (
				en,
				Base,
				it,
			);
			mainGroup = 3ADFFDC329A4CA3D00E66EF4;
			packageReferences = (
				3A9DA07E29A53BF30043549E /* XCRemoteSwiftPackageReference "firebase-ios-sdk" */,
			);
			productRefGroup = 3ADFFDCD29A4CA3D00E66EF4 /* Products */;
			projectDirPath = "";
			projectRoot = "";
			targets = (
				3ADFFDCB29A4CA3D00E66EF4 /* FirebaseTest */,
			);
		};
/* End PBXProject section */

/* Begin PBXResourcesBuildPhase section */
		3ADFFDCA29A4CA3D00E66EF4 /* Resources */ = {
			isa = PBXResourcesBuildPhase;
			buildActionMask = 2147483647;
			files = (
				3ADFFDD729A4CA3E00E66EF4 /* Preview Assets.xcassets in Resources */,
				3ADFFDD429A4CA3E00E66EF4 /* Assets.xcassets in Resources */,
				3A9DA07D29A53B4D0043549E /* GoogleService-Info.plist in Resources */,
			);
			runOnlyForDeploymentPostprocessing = 0;
		};
/* End PBXResourcesBuildPhase section */

/* Begin PBXSourcesBuildPhase section */
		3ADFFDC829A4CA3D00E66EF4 /* Sources */ = {
			isa = PBXSourcesBuildPhase;
			buildActionMask = 2147483647;
			files = (
				3AA2E10D29A768D800ACCB5B /* OTPViewModel.swift in Sources */,
				3AA2E10929A7678300ACCB5B /* Verification.swift in Sources */,
				3ADFFDD229A4CA3D00E66EF4 /* ContentView.swift in Sources */,
				3AA2E10F29A76AB200ACCB5B /* OTPFieldState.swift in Sources */,
				3AA2E11129A76DE600ACCB5B /* OTPField.swift in Sources */,
				3ADFFDD029A4CA3D00E66EF4 /* FirebaseTestApp.swift in Sources */,
			);
			runOnlyForDeploymentPostprocessing = 0;
		};
/* End PBXSourcesBuildPhase section */

/* Begin XCBuildConfiguration section */
		3ADFFDD829A4CA3E00E66EF4 /* Debug */ = {
			isa = XCBuildConfiguration;
			buildSettings = {
				ALWAYS_SEARCH_USER_PATHS = NO;
				CLANG_ANALYZER_NONNULL = YES;
				CLANG_ANALYZER_NUMBER_OBJECT_CONVERSION = YES_AGGRESSIVE;
				CLANG_CXX_LANGUAGE_STANDARD = "gnu++20";
				CLANG_ENABLE_MODULES = YES;
				CLANG_ENABLE_OBJC_ARC = YES;
				CLANG_ENABLE_OBJC_WEAK = YES;
				CLANG_WARN_BLOCK_CAPTURE_AUTORELEASING = YES;
				CLANG_WARN_BOOL_CONVERSION = YES;
				CLANG_WARN_COMMA = YES;
				CLANG_WARN_CONSTANT_CONVERSION = YES;
				CLANG_WARN_DEPRECATED_OBJC_IMPLEMENTATIONS = YES;
				CLANG_WARN_DIRECT_OBJC_ISA_USAGE = YES_ERROR;
				CLANG_WARN_DOCUMENTATION_COMMENTS = YES;
				CLANG_WARN_EMPTY_BODY = YES;
				CLANG_WARN_ENUM_CONVERSION = YES;
				CLANG_WARN_INFINITE_RECURSION = YES;
				CLANG_WARN_INT_CONVERSION = YES;
				CLANG_WARN_NON_LITERAL_NULL_CONVERSION = YES;
				CLANG_WARN_OBJC_IMPLICIT_RETAIN_SELF = YES;
				CLANG_WARN_OBJC_LITERAL_CONVERSION = YES;
				CLANG_WARN_OBJC_ROOT_CLASS = YES_ERROR;
				CLANG_WARN_QUOTED_INCLUDE_IN_FRAMEWORK_HEADER = YES;
				CLANG_WARN_RANGE_LOOP_ANALYSIS = YES;
				CLANG_WARN_STRICT_PROTOTYPES = YES;
				CLANG_WARN_SUSPICIOUS_MOVE = YES;
				CLANG_WARN_UNGUARDED_AVAILABILITY = YES_AGGRESSIVE;
				CLANG_WARN_UNREACHABLE_CODE = YES;
				CLANG_WARN__DUPLICATE_METHOD_MATCH = YES;
				COPY_PHASE_STRIP = NO;
				DEBUG_INFORMATION_FORMAT = dwarf;
				ENABLE_STRICT_OBJC_MSGSEND = YES;
				ENABLE_TESTABILITY = YES;
				GCC_C_LANGUAGE_STANDARD = gnu11;
				GCC_DYNAMIC_NO_PIC = NO;
				GCC_NO_COMMON_BLOCKS = YES;
				GCC_OPTIMIZATION_LEVEL = 0;
				GCC_PREPROCESSOR_DEFINITIONS = (
					"DEBUG=1",
					"$(inherited)",
				);
				GCC_WARN_64_TO_32_BIT_CONVERSION = YES;
				GCC_WARN_ABOUT_RETURN_TYPE = YES_ERROR;
				GCC_WARN_UNDECLARED_SELECTOR = YES;
				GCC_WARN_UNINITIALIZED_AUTOS = YES_AGGRESSIVE;
				GCC_WARN_UNUSED_FUNCTION = YES;
				GCC_WARN_UNUSED_VARIABLE = YES;
				IPHONEOS_DEPLOYMENT_TARGET = 16.2;
				MTL_ENABLE_DEBUG_INFO = INCLUDE_SOURCE;
				MTL_FAST_MATH = YES;
				ONLY_ACTIVE_ARCH = YES;
				SDKROOT = iphoneos;
				SWIFT_ACTIVE_COMPILATION_CONDITIONS = DEBUG;
				SWIFT_OPTIMIZATION_LEVEL = "-Onone";
			};
			name = Debug;
		};
		3ADFFDD929A4CA3E00E66EF4 /* Release */ = {
			isa = XCBuildConfiguration;
			buildSettings = {
				ALWAYS_SEARCH_USER_PATHS = NO;
				CLANG_ANALYZER_NONNULL = YES;
				CLANG_ANALYZER_NUMBER_OBJECT_CONVERSION = YES_AGGRESSIVE;
				CLANG_CXX_LANGUAGE_STANDARD = "gnu++20";
				CLANG_ENABLE_MODULES = YES;
				CLANG_ENABLE_OBJC_ARC = YES;
				CLANG_ENABLE_OBJC_WEAK = YES;
				CLANG_WARN_BLOCK_CAPTURE_AUTORELEASING = YES;
				CLANG_WARN_BOOL_CONVERSION = YES;
				CLANG_WARN_COMMA = YES;
				CLANG_WARN_CONSTANT_CONVERSION = YES;
				CLANG_WARN_DEPRECATED_OBJC_IMPLEMENTATIONS = YES;
				CLANG_WARN_DIRECT_OBJC_ISA_USAGE = YES_ERROR;
				CLANG_WARN_DOCUMENTATION_COMMENTS = YES;
				CLANG_WARN_EMPTY_BODY = YES;
				CLANG_WARN_ENUM_CONVERSION = YES;
				CLANG_WARN_INFINITE_RECURSION = YES;
				CLANG_WARN_INT_CONVERSION = YES;
				CLANG_WARN_NON_LITERAL_NULL_CONVERSION = YES;
				CLANG_WARN_OBJC_IMPLICIT_RETAIN_SELF = YES;
				CLANG_WARN_OBJC_LITERAL_CONVERSION = YES;
				CLANG_WARN_OBJC_ROOT_CLASS = YES_ERROR;
				CLANG_WARN_QUOTED_INCLUDE_IN_FRAMEWORK_HEADER = YES;
				CLANG_WARN_RANGE_LOOP_ANALYSIS = YES;
				CLANG_WARN_STRICT_PROTOTYPES = YES;
				CLANG_WARN_SUSPICIOUS_MOVE = YES;
				CLANG_WARN_UNGUARDED_AVAILABILITY = YES_AGGRESSIVE;
				CLANG_WARN_UNREACHABLE_CODE = YES;
				CLANG_WARN__DUPLICATE_METHOD_MATCH = YES;
				COPY_PHASE_STRIP = NO;
				DEBUG_INFORMATION_FORMAT = "dwarf-with-dsym";
				ENABLE_NS_ASSERTIONS = NO;
				ENABLE_STRICT_OBJC_MSGSEND = YES;
				GCC_C_LANGUAGE_STANDARD = gnu11;
				GCC_NO_COMMON_BLOCKS = YES;
				GCC_WARN_64_TO_32_BIT_CONVERSION = YES;
				GCC_WARN_ABOUT_RETURN_TYPE = YES_ERROR;
				GCC_WARN_UNDECLARED_SELECTOR = YES;
				GCC_WARN_UNINITIALIZED_AUTOS = YES_AGGRESSIVE;
				GCC_WARN_UNUSED_FUNCTION = YES;
				GCC_WARN_UNUSED_VARIABLE = YES;
				IPHONEOS_DEPLOYMENT_TARGET = 16.2;
				MTL_ENABLE_DEBUG_INFO = NO;
				MTL_FAST_MATH = YES;
				SDKROOT = iphoneos;
				SWIFT_COMPILATION_MODE = wholemodule;
				SWIFT_OPTIMIZATION_LEVEL = "-O";
				VALIDATE_PRODUCT = YES;
			};
			name = Release;
		};
		3ADFFDDB29A4CA3E00E66EF4 /* Debug */ = {
			isa = XCBuildConfiguration;
			buildSettings = {
				ASSETCATALOG_COMPILER_APPICON_NAME = AppIcon;
				ASSETCATALOG_COMPILER_GLOBAL_ACCENT_COLOR_NAME = AccentColor;
				CODE_SIGN_STYLE = Automatic;
				CURRENT_PROJECT_VERSION = 1;
				DEVELOPMENT_ASSET_PATHS = "\"FirebaseTest/Preview Content\"";
				DEVELOPMENT_TEAM = CVSUPGMRAW;
				ENABLE_PREVIEWS = YES;
				GENERATE_INFOPLIST_FILE = YES;
				INFOPLIST_FILE = FirebaseTest/Info.plist;
				INFOPLIST_KEY_UIApplicationSceneManifest_Generation = YES;
				INFOPLIST_KEY_UIApplicationSupportsIndirectInputEvents = YES;
				INFOPLIST_KEY_UILaunchScreen_Generation = YES;
				INFOPLIST_KEY_UISupportedInterfaceOrientations_iPad = "UIInterfaceOrientationPortrait UIInterfaceOrientationPortraitUpsideDown UIInterfaceOrientationLandscapeLeft UIInterfaceOrientationLandscapeRight";
				INFOPLIST_KEY_UISupportedInterfaceOrientations_iPhone = "UIInterfaceOrientationPortrait UIInterfaceOrientationLandscapeLeft UIInterfaceOrientationLandscapeRight";
				LD_RUNPATH_SEARCH_PATHS = (
					"$(inherited)",
					"@executable_path/Frameworks",
				);
				MARKETING_VERSION = 1.0;
				PRODUCT_BUNDLE_IDENTIFIER = com.gperretta.FirebaseTest;
				PRODUCT_NAME = "$(TARGET_NAME)";
				SWIFT_EMIT_LOC_STRINGS = YES;
				SWIFT_VERSION = 5.0;
				TARGETED_DEVICE_FAMILY = "1,2";
			};
			name = Debug;
		};
		3ADFFDDC29A4CA3E00E66EF4 /* Release */ = {
			isa = XCBuildConfiguration;
			buildSettings = {
				ASSETCATALOG_COMPILER_APPICON_NAME = AppIcon;
				ASSETCATALOG_COMPILER_GLOBAL_ACCENT_COLOR_NAME = AccentColor;
				CODE_SIGN_STYLE = Automatic;
				CURRENT_PROJECT_VERSION = 1;
				DEVELOPMENT_ASSET_PATHS = "\"FirebaseTest/Preview Content\"";
				DEVELOPMENT_TEAM = CVSUPGMRAW;
				ENABLE_PREVIEWS = YES;
				GENERATE_INFOPLIST_FILE = YES;
				INFOPLIST_FILE = FirebaseTest/Info.plist;
				INFOPLIST_KEY_UIApplicationSceneManifest_Generation = YES;
				INFOPLIST_KEY_UIApplicationSupportsIndirectInputEvents = YES;
				INFOPLIST_KEY_UILaunchScreen_Generation = YES;
				INFOPLIST_KEY_UISupportedInterfaceOrientations_iPad = "UIInterfaceOrientationPortrait UIInterfaceOrientationPortraitUpsideDown UIInterfaceOrientationLandscapeLeft UIInterfaceOrientationLandscapeRight";
				INFOPLIST_KEY_UISupportedInterfaceOrientations_iPhone = "UIInterfaceOrientationPortrait UIInterfaceOrientationLandscapeLeft UIInterfaceOrientationLandscapeRight";
				LD_RUNPATH_SEARCH_PATHS = (
					"$(inherited)",
					"@executable_path/Frameworks",
				);
				MARKETING_VERSION = 1.0;
				PRODUCT_BUNDLE_IDENTIFIER = com.gperretta.FirebaseTest;
				PRODUCT_NAME = "$(TARGET_NAME)";
				SWIFT_EMIT_LOC_STRINGS = YES;
				SWIFT_VERSION = 5.0;
				TARGETED_DEVICE_FAMILY = "1,2";
			};
			name = Release;
		};
/* End XCBuildConfiguration section */

/* Begin XCConfigurationList section */
		3ADFFDC729A4CA3D00E66EF4 /* Build configuration list for PBXProject "FirebaseTest" */ = {
			isa = XCConfigurationList;
			buildConfigurations = (
				3ADFFDD829A4CA3E00E66EF4 /* Debug */,
				3ADFFDD929A4CA3E00E66EF4 /* Release */,
			);
			defaultConfigurationIsVisible = 0;
			defaultConfigurationName = Release;
		};
		3ADFFDDA29A4CA3E00E66EF4 /* Build configuration list for PBXNativeTarget "FirebaseTest" */ = {
			isa = XCConfigurationList;
			buildConfigurations = (
				3ADFFDDB29A4CA3E00E66EF4 /* Debug */,
				3ADFFDDC29A4CA3E00E66EF4 /* Release */,
			);
			defaultConfigurationIsVisible = 0;
			defaultConfigurationName = Release;
		};
/* End XCConfigurationList section */

/* Begin XCRemoteSwiftPackageReference section */
		3A9DA07E29A53BF30043549E /* XCRemoteSwiftPackageReference "firebase-ios-sdk" */ = {
			isa = XCRemoteSwiftPackageReference;
			repositoryURL = "https://github.com/firebase/firebase-ios-sdk";
			requirement = {
				branch = master;
				kind = branch;
			};
		};
/* End XCRemoteSwiftPackageReference section */

/* Begin XCSwiftPackageProductDependency section */
		3A9DA07F29A53BF30043549E /* FirebaseAnalytics */ = {
			isa = XCSwiftPackageProductDependency;
			package = 3A9DA07E29A53BF30043549E /* XCRemoteSwiftPackageReference "firebase-ios-sdk" */;
			productName = FirebaseAnalytics;
		};
		3A9DA08129A53BF30043549E /* FirebaseAuth */ = {
			isa = XCSwiftPackageProductDependency;
			package = 3A9DA07E29A53BF30043549E /* XCRemoteSwiftPackageReference "firebase-ios-sdk" */;
			productName = FirebaseAuth;
		};
		3A9DA08329A53BF30043549E /* FirebaseDatabase */ = {
			isa = XCSwiftPackageProductDependency;
			package = 3A9DA07E29A53BF30043549E /* XCRemoteSwiftPackageReference "firebase-ios-sdk" */;
			productName = FirebaseDatabase;
		};
		3A9DA08529A53BF30043549E /* FirebaseDatabaseSwift */ = {
			isa = XCSwiftPackageProductDependency;
			package = 3A9DA07E29A53BF30043549E /* XCRemoteSwiftPackageReference "firebase-ios-sdk" */;
			productName = FirebaseDatabaseSwift;
		};
		3A9DA08729A53BF30043549E /* FirebaseFirestore */ = {
			isa = XCSwiftPackageProductDependency;
			package = 3A9DA07E29A53BF30043549E /* XCRemoteSwiftPackageReference "firebase-ios-sdk" */;
			productName = FirebaseFirestore;
		};
/* End XCSwiftPackageProductDependency section */
	};
	rootObject = 3ADFFDC429A4CA3D00E66EF4 /* Project object */;
}
